Microsoft Visual Studio Solution File, Format Version 12.00
# Visual Studio Version 17
VisualStudioVersion = 17.5.2.0
MinimumVisualStudioVersion = 10.0.40219.1
Project("{FAE04EC0-301F-11D3-BF4B-00C04F79EFBC}") = "other", "other.csproj", "{A43B1615-3643-FFF9-BB54-B680DCE5F431}"
EndProject
Global
	GlobalSection(SolutionConfigurationPlatforms) = preSolution
		Debug|Any CPU = Debug|Any CPU
		Release|Any CPU = Release|Any CPU
	EndGlobalSection
	GlobalSection(ProjectConfigurationPlatforms) = postSolution
		{A43B1615-3643-FFF9-BB54-B680DCE5F431}.Debug|Any CPU.ActiveCfg = Debug|Any CPU
		{A43B1615-3643-FFF9-BB54-B680DCE5F431}.Debug|Any CPU.Build.0 = Debug|Any CPU
		{A43B1615-3643-FFF9-BB54-B680DCE5F431}.Release|Any CPU.ActiveCfg = Release|Any CPU
		{A43B1615-3643-FFF9-BB54-B680DCE5F431}.Release|Any CPU.Build.0 = Release|Any CPU
	EndGlobalSection
	GlobalSection(SolutionProperties) = preSolution
		HideSolutionNode = FALSE
	EndGlobalSection
	GlobalSection(ExtensibilityGlobals) = postSolution
		SolutionGuid = {DD750E97-9128-4157-9AA4-7234E84E1108}
	EndGlobalSection
EndGlobal
