Microsoft Visual Studio Solution File, Format Version 12.00
# Visual Studio Version 17
VisualStudioVersion = 17.5.2.0
MinimumVisualStudioVersion = 10.0.40219.1
Project("{2150E333-8FDC-42A3-9474-1A3956D46DE8}") = "web-learning", "web-learning", "{0D880F72-EC92-01AC-99B5-961E761A9082}"
EndProject
Project("{FAE04EC0-301F-11D3-BF4B-00C04F79EFBC}") = "MvcPracownicy", "web-learning\MvcPracownicy\MvcPracownicy.csproj", "{82B1A9DF-029B-B59F-DE6B-3A7682D85BA6}"
EndProject
Global
	GlobalSection(SolutionConfigurationPlatforms) = preSolution
		Debug|Any CPU = Debug|Any CPU
		Release|Any CPU = Release|Any CPU
	EndGlobalSection
	GlobalSection(ProjectConfigurationPlatforms) = postSolution
		{82B1A9DF-029B-B59F-DE6B-3A7682D85BA6}.Debug|Any CPU.ActiveCfg = Debug|Any CPU
		{82B1A9DF-029B-B59F-DE6B-3A7682D85BA6}.Debug|Any CPU.Build.0 = Debug|Any CPU
		{82B1A9DF-029B-B59F-DE6B-3A7682D85BA6}.Release|Any CPU.ActiveCfg = Release|Any CPU
		{82B1A9DF-029B-B59F-DE6B-3A7682D85BA6}.Release|Any CPU.Build.0 = Release|Any CPU
	EndGlobalSection
	GlobalSection(SolutionProperties) = preSolution
		HideSolutionNode = FALSE
	EndGlobalSection
	GlobalSection(NestedProjects) = preSolution
		{82B1A9DF-029B-B59F-DE6B-3A7682D85BA6} = {0D880F72-EC92-01AC-99B5-961E761A9082}
	EndGlobalSection
	GlobalSection(ExtensibilityGlobals) = postSolution
		SolutionGuid = {F5002F5F-7319-43A3-81B0-B54D0FA9DC62}
	EndGlobalSection
EndGlobal
